
Microsoft Visual Studio Solution File, Format Version 12.00
# Visual Studio Version 17
VisualStudioVersion = 17.6.33829.357
MinimumVisualStudioVersion = 10.0.40219.1
Project("{FAE04EC0-301F-11D3-BF4B-00C04F79EFBC}") = "PlayerElder", "PlayerElder.csproj", "{E409FE05-FDB1-4361-8A4D-07C63CC83828}"
EndProject
Global
	GlobalSection(SolutionConfigurationPlatforms) = preSolution
		Debug|Any CPU = Debug|Any CPU
		Release|Any CPU = Release|Any CPU
	EndGlobalSection
	GlobalSection(ProjectConfigurationPlatforms) = postSolution
		{E409FE05-FDB1-4361-8A4D-07C63CC83828}.Debug|Any CPU.ActiveCfg = Debug|Any CPU
		{E409FE05-FDB1-4361-8A4D-07C63CC83828}.Debug|Any CPU.Build.0 = Debug|Any CPU
		{E409FE05-FDB1-4361-8A4D-07C63CC83828}.Release|Any CPU.ActiveCfg = Release|Any CPU
		{E409FE05-FDB1-4361-8A4D-07C63CC83828}.Release|Any CPU.Build.0 = Release|Any CPU
	EndGlobalSection
	GlobalSection(SolutionProperties) = preSolution
		HideSolutionNode = FALSE
	EndGlobalSection
	GlobalSection(ExtensibilityGlobals) = postSolution
		SolutionGuid = {15CD7589-4092-4D8A-B509-6B44695960E4}
	EndGlobalSection
EndGlobal
